
Microsoft Visual Studio Solution File, Format Version 12.00
# Visual Studio 15
VisualStudioVersion = 15.0.27130.2024
MinimumVisualStudioVersion = 10.0.40219.1
Project("{FAE04EC0-301F-11D3-BF4B-00C04F79EFBC}") = "com.abnamro.webapisInternal", "com.abnamro.webapisInternal\com.abnamro.webapisInternal.csproj", "{75A552BF-0DD7-48C1-A27B-FA6AD22DA086}"
EndProject
Project("{FAE04EC0-301F-11D3-BF4B-00C04F79EFBC}") = "com.abnamro.webapisInternal.console", "com.abnamro.webapisInternal.console\com.abnamro.webapisInternal.console.csproj", "{883CACAA-5E78-4996-BE24-1940F75B8E3F}"
EndProject
Project("{FAE04EC0-301F-11D3-BF4B-00C04F79EFBC}") = "com.abnamro.webapiclient.console", "com.abnamro.webapiclient.console\com.abnamro.webapiclient.console.csproj", "{167EDC9E-714A-4A84-8D0C-B084D182D55C}"
EndProject
Project("{FAE04EC0-301F-11D3-BF4B-00C04F79EFBC}") = "com.abnamro.webapi.core", "com.abnamro.webapi.core\com.abnamro.webapi.core.csproj", "{BB70381C-E077-4B80-A46B-C004B3B6F4BF}"
EndProject
Project("{FAE04EC0-301F-11D3-BF4B-00C04F79EFBC}") = "com.abnamro.webapisExternal", "com.abnamro.webapisExternal\com.abnamro.webapisExternal.csproj", "{2C287242-71E9-4ECD-B509-623D5158E660}"
EndProject
Project("{FAE04EC0-301F-11D3-BF4B-00C04F79EFBC}") = "com.abnamro.webapisExternal.console", "com.abnamro.webapisExternal.console\com.abnamro.webapisExternal.console.csproj", "{45E8F5A6-6E10-413F-9E71-D03445A8406E}"
EndProject
Project("{FAE04EC0-301F-11D3-BF4B-00C04F79EFBC}") = "com.abnamro.webapisExternal.iis", "com.abnamro.webapisExternal.iis\com.abnamro.webapisExternal.iis.csproj", "{8A6463A6-B749-41B6-B4A0-C51230D60C31}"
EndProject
Project("{FAE04EC0-301F-11D3-BF4B-00C04F79EFBC}") = "com.abnamro.webapisInternal.iis", "com.abnamro.webapisInternal.iis\com.abnamro.webapisInternal.iis.csproj", "{5724C8D6-D9C0-4EB5-AA8C-D748037A7140}"
EndProject
Project("{FAE04EC0-301F-11D3-BF4B-00C04F79EFBC}") = "com.abnamro.biz", "com.abnamro.biz\com.abnamro.biz.csproj", "{CDF973EC-E2EE-4F58-B4E7-61D8C6600476}"
EndProject
Project("{FAE04EC0-301F-11D3-BF4B-00C04F79EFBC}") = "UnitTestWebapis", "UnitTestWebapis\UnitTestWebapis.csproj", "{3EF6B369-E70E-49A5-9BCE-2E2236B0D60B}"
EndProject
Project("{FAE04EC0-301F-11D3-BF4B-00C04F79EFBC}") = "com.abnamro.agents", "..\clientApp\com.abnamro.agents\com.abnamro.agents.csproj", "{D2EA618A-DAC0-4C07-838A-4A4C06B270E7}"
EndProject
Project("{FAE04EC0-301F-11D3-BF4B-00C04F79EFBC}") = "com.abnamro.clientapp.webapiclient", "..\clientApp\com.abnamro.clientapp.Webapiclient\com.abnamro.clientapp.webapiclient.csproj", "{AF4F6ADB-625C-4C91-A748-494697BB0E6E}"
EndProject
Project("{FAE04EC0-301F-11D3-BF4B-00C04F79EFBC}") = "com.abnamro.core", "com.abnamro.core\com.abnamro.core.csproj", "{B9C5954B-93BC-4B3C-A022-67B673F4E577}"
EndProject
Project("{FAE04EC0-301F-11D3-BF4B-00C04F79EFBC}") = "com.abnamro.webapisInternalRegistration.console", "com.abnamro.webapisInternalRegistration.console\com.abnamro.webapisInternalRegistration.console.csproj", "{32736ABE-6F1A-42B1-B90C-C2C94AFE204C}"
EndProject
Project("{FAE04EC0-301F-11D3-BF4B-00C04F79EFBC}") = "com.abnamro.webapisInternalRegistration.iis", "com.abnamro.webapisInternalRegistration.iis\com.abnamro.webapisInternalRegistration.iis.csproj", "{C913C837-F669-4C7C-89F8-E49FF7D00F1F}"
EndProject
Project("{FAE04EC0-301F-11D3-BF4B-00C04F79EFBC}") = "com.abnamro.webapisInternalRegistration", "com.abnamro.webapisInternalRegistration\com.abnamro.webapisInternalRegistration.csproj", "{96302454-8D35-4B8F-A127-92BEAAF2576B}"
EndProject
Project("{FAE04EC0-301F-11D3-BF4B-00C04F79EFBC}") = "com.abnamro.datastore", "com.abnamro.datastore\com.abnamro.datastore.csproj", "{2CD54B2C-53A3-4C16-9F5C-89DDE8A0D8A2}"
EndProject
Project("{FAE04EC0-301F-11D3-BF4B-00C04F79EFBC}") = "com.abnamro.datastore.Sql", "com.abnamro.datastore.Sql\com.abnamro.datastore.Sql.csproj", "{6A6E9E8E-8DB3-4F6A-9AF1-E9FA0EDB4885}"
EndProject
Global
	GlobalSection(SolutionConfigurationPlatforms) = preSolution
		Debug|Any CPU = Debug|Any CPU
		Debug|ARM = Debug|ARM
		Debug|iPhone = Debug|iPhone
		Debug|iPhoneSimulator = Debug|iPhoneSimulator
		Debug|x86 = Debug|x86
		Release|Any CPU = Release|Any CPU
		Release|ARM = Release|ARM
		Release|iPhone = Release|iPhone
		Release|iPhoneSimulator = Release|iPhoneSimulator
		Release|x86 = Release|x86
	EndGlobalSection
	GlobalSection(ProjectConfigurationPlatforms) = postSolution
		{75A552BF-0DD7-48C1-A27B-FA6AD22DA086}.Debug|Any CPU.ActiveCfg = Debug|Any CPU
		{75A552BF-0DD7-48C1-A27B-FA6AD22DA086}.Debug|Any CPU.Build.0 = Debug|Any CPU
		{75A552BF-0DD7-48C1-A27B-FA6AD22DA086}.Debug|ARM.ActiveCfg = Debug|Any CPU
		{75A552BF-0DD7-48C1-A27B-FA6AD22DA086}.Debug|ARM.Build.0 = Debug|Any CPU
		{75A552BF-0DD7-48C1-A27B-FA6AD22DA086}.Debug|iPhone.ActiveCfg = Debug|Any CPU
		{75A552BF-0DD7-48C1-A27B-FA6AD22DA086}.Debug|iPhone.Build.0 = Debug|Any CPU
		{75A552BF-0DD7-48C1-A27B-FA6AD22DA086}.Debug|iPhoneSimulator.ActiveCfg = Debug|Any CPU
		{75A552BF-0DD7-48C1-A27B-FA6AD22DA086}.Debug|iPhoneSimulator.Build.0 = Debug|Any CPU
		{75A552BF-0DD7-48C1-A27B-FA6AD22DA086}.Debug|x86.ActiveCfg = Debug|Any CPU
		{75A552BF-0DD7-48C1-A27B-FA6AD22DA086}.Debug|x86.Build.0 = Debug|Any CPU
		{75A552BF-0DD7-48C1-A27B-FA6AD22DA086}.Release|Any CPU.ActiveCfg = Release|Any CPU
		{75A552BF-0DD7-48C1-A27B-FA6AD22DA086}.Release|Any CPU.Build.0 = Release|Any CPU
		{75A552BF-0DD7-48C1-A27B-FA6AD22DA086}.Release|ARM.ActiveCfg = Release|Any CPU
		{75A552BF-0DD7-48C1-A27B-FA6AD22DA086}.Release|ARM.Build.0 = Release|Any CPU
		{75A552BF-0DD7-48C1-A27B-FA6AD22DA086}.Release|iPhone.ActiveCfg = Release|Any CPU
		{75A552BF-0DD7-48C1-A27B-FA6AD22DA086}.Release|iPhone.Build.0 = Release|Any CPU
		{75A552BF-0DD7-48C1-A27B-FA6AD22DA086}.Release|iPhoneSimulator.ActiveCfg = Release|Any CPU
		{75A552BF-0DD7-48C1-A27B-FA6AD22DA086}.Release|iPhoneSimulator.Build.0 = Release|Any CPU
		{75A552BF-0DD7-48C1-A27B-FA6AD22DA086}.Release|x86.ActiveCfg = Release|Any CPU
		{75A552BF-0DD7-48C1-A27B-FA6AD22DA086}.Release|x86.Build.0 = Release|Any CPU
		{883CACAA-5E78-4996-BE24-1940F75B8E3F}.Debug|Any CPU.ActiveCfg = Debug|Any CPU
		{883CACAA-5E78-4996-BE24-1940F75B8E3F}.Debug|Any CPU.Build.0 = Debug|Any CPU
		{883CACAA-5E78-4996-BE24-1940F75B8E3F}.Debug|ARM.ActiveCfg = Debug|Any CPU
		{883CACAA-5E78-4996-BE24-1940F75B8E3F}.Debug|ARM.Build.0 = Debug|Any CPU
		{883CACAA-5E78-4996-BE24-1940F75B8E3F}.Debug|iPhone.ActiveCfg = Debug|Any CPU
		{883CACAA-5E78-4996-BE24-1940F75B8E3F}.Debug|iPhone.Build.0 = Debug|Any CPU
		{883CACAA-5E78-4996-BE24-1940F75B8E3F}.Debug|iPhoneSimulator.ActiveCfg = Debug|Any CPU
		{883CACAA-5E78-4996-BE24-1940F75B8E3F}.Debug|iPhoneSimulator.Build.0 = Debug|Any CPU
		{883CACAA-5E78-4996-BE24-1940F75B8E3F}.Debug|x86.ActiveCfg = Debug|Any CPU
		{883CACAA-5E78-4996-BE24-1940F75B8E3F}.Debug|x86.Build.0 = Debug|Any CPU
		{883CACAA-5E78-4996-BE24-1940F75B8E3F}.Release|Any CPU.ActiveCfg = Release|Any CPU
		{883CACAA-5E78-4996-BE24-1940F75B8E3F}.Release|Any CPU.Build.0 = Release|Any CPU
		{883CACAA-5E78-4996-BE24-1940F75B8E3F}.Release|ARM.ActiveCfg = Release|Any CPU
		{883CACAA-5E78-4996-BE24-1940F75B8E3F}.Release|ARM.Build.0 = Release|Any CPU
		{883CACAA-5E78-4996-BE24-1940F75B8E3F}.Release|iPhone.ActiveCfg = Release|Any CPU
		{883CACAA-5E78-4996-BE24-1940F75B8E3F}.Release|iPhone.Build.0 = Release|Any CPU
		{883CACAA-5E78-4996-BE24-1940F75B8E3F}.Release|iPhoneSimulator.ActiveCfg = Release|Any CPU
		{883CACAA-5E78-4996-BE24-1940F75B8E3F}.Release|iPhoneSimulator.Build.0 = Release|Any CPU
		{883CACAA-5E78-4996-BE24-1940F75B8E3F}.Release|x86.ActiveCfg = Release|Any CPU
		{883CACAA-5E78-4996-BE24-1940F75B8E3F}.Release|x86.Build.0 = Release|Any CPU
		{167EDC9E-714A-4A84-8D0C-B084D182D55C}.Debug|Any CPU.ActiveCfg = Debug|Any CPU
		{167EDC9E-714A-4A84-8D0C-B084D182D55C}.Debug|Any CPU.Build.0 = Debug|Any CPU
		{167EDC9E-714A-4A84-8D0C-B084D182D55C}.Debug|ARM.ActiveCfg = Debug|Any CPU
		{167EDC9E-714A-4A84-8D0C-B084D182D55C}.Debug|ARM.Build.0 = Debug|Any CPU
		{167EDC9E-714A-4A84-8D0C-B084D182D55C}.Debug|iPhone.ActiveCfg = Debug|Any CPU
		{167EDC9E-714A-4A84-8D0C-B084D182D55C}.Debug|iPhone.Build.0 = Debug|Any CPU
		{167EDC9E-714A-4A84-8D0C-B084D182D55C}.Debug|iPhoneSimulator.ActiveCfg = Debug|Any CPU
		{167EDC9E-714A-4A84-8D0C-B084D182D55C}.Debug|iPhoneSimulator.Build.0 = Debug|Any CPU
		{167EDC9E-714A-4A84-8D0C-B084D182D55C}.Debug|x86.ActiveCfg = Debug|Any CPU
		{167EDC9E-714A-4A84-8D0C-B084D182D55C}.Debug|x86.Build.0 = Debug|Any CPU
		{167EDC9E-714A-4A84-8D0C-B084D182D55C}.Release|Any CPU.ActiveCfg = Release|Any CPU
		{167EDC9E-714A-4A84-8D0C-B084D182D55C}.Release|Any CPU.Build.0 = Release|Any CPU
		{167EDC9E-714A-4A84-8D0C-B084D182D55C}.Release|ARM.ActiveCfg = Release|Any CPU
		{167EDC9E-714A-4A84-8D0C-B084D182D55C}.Release|ARM.Build.0 = Release|Any CPU
		{167EDC9E-714A-4A84-8D0C-B084D182D55C}.Release|iPhone.ActiveCfg = Release|Any CPU
		{167EDC9E-714A-4A84-8D0C-B084D182D55C}.Release|iPhone.Build.0 = Release|Any CPU
		{167EDC9E-714A-4A84-8D0C-B084D182D55C}.Release|iPhoneSimulator.ActiveCfg = Release|Any CPU
		{167EDC9E-714A-4A84-8D0C-B084D182D55C}.Release|iPhoneSimulator.Build.0 = Release|Any CPU
		{167EDC9E-714A-4A84-8D0C-B084D182D55C}.Release|x86.ActiveCfg = Release|Any CPU
		{167EDC9E-714A-4A84-8D0C-B084D182D55C}.Release|x86.Build.0 = Release|Any CPU
		{BB70381C-E077-4B80-A46B-C004B3B6F4BF}.Debug|Any CPU.ActiveCfg = Debug|Any CPU
		{BB70381C-E077-4B80-A46B-C004B3B6F4BF}.Debug|Any CPU.Build.0 = Debug|Any CPU
		{BB70381C-E077-4B80-A46B-C004B3B6F4BF}.Debug|ARM.ActiveCfg = Debug|Any CPU
		{BB70381C-E077-4B80-A46B-C004B3B6F4BF}.Debug|ARM.Build.0 = Debug|Any CPU
		{BB70381C-E077-4B80-A46B-C004B3B6F4BF}.Debug|iPhone.ActiveCfg = Debug|Any CPU
		{BB70381C-E077-4B80-A46B-C004B3B6F4BF}.Debug|iPhone.Build.0 = Debug|Any CPU
		{BB70381C-E077-4B80-A46B-C004B3B6F4BF}.Debug|iPhoneSimulator.ActiveCfg = Debug|Any CPU
		{BB70381C-E077-4B80-A46B-C004B3B6F4BF}.Debug|iPhoneSimulator.Build.0 = Debug|Any CPU
		{BB70381C-E077-4B80-A46B-C004B3B6F4BF}.Debug|x86.ActiveCfg = Debug|Any CPU
		{BB70381C-E077-4B80-A46B-C004B3B6F4BF}.Debug|x86.Build.0 = Debug|Any CPU
		{BB70381C-E077-4B80-A46B-C004B3B6F4BF}.Release|Any CPU.ActiveCfg = Release|Any CPU
		{BB70381C-E077-4B80-A46B-C004B3B6F4BF}.Release|Any CPU.Build.0 = Release|Any CPU
		{BB70381C-E077-4B80-A46B-C004B3B6F4BF}.Release|ARM.ActiveCfg = Release|Any CPU
		{BB70381C-E077-4B80-A46B-C004B3B6F4BF}.Release|ARM.Build.0 = Release|Any CPU
		{BB70381C-E077-4B80-A46B-C004B3B6F4BF}.Release|iPhone.ActiveCfg = Release|Any CPU
		{BB70381C-E077-4B80-A46B-C004B3B6F4BF}.Release|iPhone.Build.0 = Release|Any CPU
		{BB70381C-E077-4B80-A46B-C004B3B6F4BF}.Release|iPhoneSimulator.ActiveCfg = Release|Any CPU
		{BB70381C-E077-4B80-A46B-C004B3B6F4BF}.Release|iPhoneSimulator.Build.0 = Release|Any CPU
		{BB70381C-E077-4B80-A46B-C004B3B6F4BF}.Release|x86.ActiveCfg = Release|Any CPU
		{BB70381C-E077-4B80-A46B-C004B3B6F4BF}.Release|x86.Build.0 = Release|Any CPU
		{2C287242-71E9-4ECD-B509-623D5158E660}.Debug|Any CPU.ActiveCfg = Debug|Any CPU
		{2C287242-71E9-4ECD-B509-623D5158E660}.Debug|Any CPU.Build.0 = Debug|Any CPU
		{2C287242-71E9-4ECD-B509-623D5158E660}.Debug|ARM.ActiveCfg = Debug|Any CPU
		{2C287242-71E9-4ECD-B509-623D5158E660}.Debug|ARM.Build.0 = Debug|Any CPU
		{2C287242-71E9-4ECD-B509-623D5158E660}.Debug|iPhone.ActiveCfg = Debug|Any CPU
		{2C287242-71E9-4ECD-B509-623D5158E660}.Debug|iPhone.Build.0 = Debug|Any CPU
		{2C287242-71E9-4ECD-B509-623D5158E660}.Debug|iPhoneSimulator.ActiveCfg = Debug|Any CPU
		{2C287242-71E9-4ECD-B509-623D5158E660}.Debug|iPhoneSimulator.Build.0 = Debug|Any CPU
		{2C287242-71E9-4ECD-B509-623D5158E660}.Debug|x86.ActiveCfg = Debug|Any CPU
		{2C287242-71E9-4ECD-B509-623D5158E660}.Debug|x86.Build.0 = Debug|Any CPU
		{2C287242-71E9-4ECD-B509-623D5158E660}.Release|Any CPU.ActiveCfg = Release|Any CPU
		{2C287242-71E9-4ECD-B509-623D5158E660}.Release|Any CPU.Build.0 = Release|Any CPU
		{2C287242-71E9-4ECD-B509-623D5158E660}.Release|ARM.ActiveCfg = Release|Any CPU
		{2C287242-71E9-4ECD-B509-623D5158E660}.Release|ARM.Build.0 = Release|Any CPU
		{2C287242-71E9-4ECD-B509-623D5158E660}.Release|iPhone.ActiveCfg = Release|Any CPU
		{2C287242-71E9-4ECD-B509-623D5158E660}.Release|iPhone.Build.0 = Release|Any CPU
		{2C287242-71E9-4ECD-B509-623D5158E660}.Release|iPhoneSimulator.ActiveCfg = Release|Any CPU
		{2C287242-71E9-4ECD-B509-623D5158E660}.Release|iPhoneSimulator.Build.0 = Release|Any CPU
		{2C287242-71E9-4ECD-B509-623D5158E660}.Release|x86.ActiveCfg = Release|Any CPU
		{2C287242-71E9-4ECD-B509-623D5158E660}.Release|x86.Build.0 = Release|Any CPU
		{45E8F5A6-6E10-413F-9E71-D03445A8406E}.Debug|Any CPU.ActiveCfg = Debug|Any CPU
		{45E8F5A6-6E10-413F-9E71-D03445A8406E}.Debug|Any CPU.Build.0 = Debug|Any CPU
		{45E8F5A6-6E10-413F-9E71-D03445A8406E}.Debug|ARM.ActiveCfg = Debug|Any CPU
		{45E8F5A6-6E10-413F-9E71-D03445A8406E}.Debug|ARM.Build.0 = Debug|Any CPU
		{45E8F5A6-6E10-413F-9E71-D03445A8406E}.Debug|iPhone.ActiveCfg = Debug|Any CPU
		{45E8F5A6-6E10-413F-9E71-D03445A8406E}.Debug|iPhone.Build.0 = Debug|Any CPU
		{45E8F5A6-6E10-413F-9E71-D03445A8406E}.Debug|iPhoneSimulator.ActiveCfg = Debug|Any CPU
		{45E8F5A6-6E10-413F-9E71-D03445A8406E}.Debug|iPhoneSimulator.Build.0 = Debug|Any CPU
		{45E8F5A6-6E10-413F-9E71-D03445A8406E}.Debug|x86.ActiveCfg = Debug|Any CPU
		{45E8F5A6-6E10-413F-9E71-D03445A8406E}.Debug|x86.Build.0 = Debug|Any CPU
		{45E8F5A6-6E10-413F-9E71-D03445A8406E}.Release|Any CPU.ActiveCfg = Release|Any CPU
		{45E8F5A6-6E10-413F-9E71-D03445A8406E}.Release|Any CPU.Build.0 = Release|Any CPU
		{45E8F5A6-6E10-413F-9E71-D03445A8406E}.Release|ARM.ActiveCfg = Release|Any CPU
		{45E8F5A6-6E10-413F-9E71-D03445A8406E}.Release|ARM.Build.0 = Release|Any CPU
		{45E8F5A6-6E10-413F-9E71-D03445A8406E}.Release|iPhone.ActiveCfg = Release|Any CPU
		{45E8F5A6-6E10-413F-9E71-D03445A8406E}.Release|iPhone.Build.0 = Release|Any CPU
		{45E8F5A6-6E10-413F-9E71-D03445A8406E}.Release|iPhoneSimulator.ActiveCfg = Release|Any CPU
		{45E8F5A6-6E10-413F-9E71-D03445A8406E}.Release|iPhoneSimulator.Build.0 = Release|Any CPU
		{45E8F5A6-6E10-413F-9E71-D03445A8406E}.Release|x86.ActiveCfg = Release|Any CPU
		{45E8F5A6-6E10-413F-9E71-D03445A8406E}.Release|x86.Build.0 = Release|Any CPU
		{8A6463A6-B749-41B6-B4A0-C51230D60C31}.Debug|Any CPU.ActiveCfg = Debug|Any CPU
		{8A6463A6-B749-41B6-B4A0-C51230D60C31}.Debug|Any CPU.Build.0 = Debug|Any CPU
		{8A6463A6-B749-41B6-B4A0-C51230D60C31}.Debug|ARM.ActiveCfg = Debug|Any CPU
		{8A6463A6-B749-41B6-B4A0-C51230D60C31}.Debug|ARM.Build.0 = Debug|Any CPU
		{8A6463A6-B749-41B6-B4A0-C51230D60C31}.Debug|iPhone.ActiveCfg = Debug|Any CPU
		{8A6463A6-B749-41B6-B4A0-C51230D60C31}.Debug|iPhone.Build.0 = Debug|Any CPU
		{8A6463A6-B749-41B6-B4A0-C51230D60C31}.Debug|iPhoneSimulator.ActiveCfg = Debug|Any CPU
		{8A6463A6-B749-41B6-B4A0-C51230D60C31}.Debug|iPhoneSimulator.Build.0 = Debug|Any CPU
		{8A6463A6-B749-41B6-B4A0-C51230D60C31}.Debug|x86.ActiveCfg = Debug|Any CPU
		{8A6463A6-B749-41B6-B4A0-C51230D60C31}.Debug|x86.Build.0 = Debug|Any CPU
		{8A6463A6-B749-41B6-B4A0-C51230D60C31}.Release|Any CPU.ActiveCfg = Release|Any CPU
		{8A6463A6-B749-41B6-B4A0-C51230D60C31}.Release|Any CPU.Build.0 = Release|Any CPU
		{8A6463A6-B749-41B6-B4A0-C51230D60C31}.Release|ARM.ActiveCfg = Release|Any CPU
		{8A6463A6-B749-41B6-B4A0-C51230D60C31}.Release|ARM.Build.0 = Release|Any CPU
		{8A6463A6-B749-41B6-B4A0-C51230D60C31}.Release|iPhone.ActiveCfg = Release|Any CPU
		{8A6463A6-B749-41B6-B4A0-C51230D60C31}.Release|iPhone.Build.0 = Release|Any CPU
		{8A6463A6-B749-41B6-B4A0-C51230D60C31}.Release|iPhoneSimulator.ActiveCfg = Release|Any CPU
		{8A6463A6-B749-41B6-B4A0-C51230D60C31}.Release|iPhoneSimulator.Build.0 = Release|Any CPU
		{8A6463A6-B749-41B6-B4A0-C51230D60C31}.Release|x86.ActiveCfg = Release|Any CPU
		{8A6463A6-B749-41B6-B4A0-C51230D60C31}.Release|x86.Build.0 = Release|Any CPU
		{5724C8D6-D9C0-4EB5-AA8C-D748037A7140}.Debug|Any CPU.ActiveCfg = Debug|Any CPU
		{5724C8D6-D9C0-4EB5-AA8C-D748037A7140}.Debug|Any CPU.Build.0 = Debug|Any CPU
		{5724C8D6-D9C0-4EB5-AA8C-D748037A7140}.Debug|ARM.ActiveCfg = Debug|Any CPU
		{5724C8D6-D9C0-4EB5-AA8C-D748037A7140}.Debug|ARM.Build.0 = Debug|Any CPU
		{5724C8D6-D9C0-4EB5-AA8C-D748037A7140}.Debug|iPhone.ActiveCfg = Debug|Any CPU
		{5724C8D6-D9C0-4EB5-AA8C-D748037A7140}.Debug|iPhone.Build.0 = Debug|Any CPU
		{5724C8D6-D9C0-4EB5-AA8C-D748037A7140}.Debug|iPhoneSimulator.ActiveCfg = Debug|Any CPU
		{5724C8D6-D9C0-4EB5-AA8C-D748037A7140}.Debug|iPhoneSimulator.Build.0 = Debug|Any CPU
		{5724C8D6-D9C0-4EB5-AA8C-D748037A7140}.Debug|x86.ActiveCfg = Debug|Any CPU
		{5724C8D6-D9C0-4EB5-AA8C-D748037A7140}.Debug|x86.Build.0 = Debug|Any CPU
		{5724C8D6-D9C0-4EB5-AA8C-D748037A7140}.Release|Any CPU.ActiveCfg = Release|Any CPU
		{5724C8D6-D9C0-4EB5-AA8C-D748037A7140}.Release|Any CPU.Build.0 = Release|Any CPU
		{5724C8D6-D9C0-4EB5-AA8C-D748037A7140}.Release|ARM.ActiveCfg = Release|Any CPU
		{5724C8D6-D9C0-4EB5-AA8C-D748037A7140}.Release|ARM.Build.0 = Release|Any CPU
		{5724C8D6-D9C0-4EB5-AA8C-D748037A7140}.Release|iPhone.ActiveCfg = Release|Any CPU
		{5724C8D6-D9C0-4EB5-AA8C-D748037A7140}.Release|iPhone.Build.0 = Release|Any CPU
		{5724C8D6-D9C0-4EB5-AA8C-D748037A7140}.Release|iPhoneSimulator.ActiveCfg = Release|Any CPU
		{5724C8D6-D9C0-4EB5-AA8C-D748037A7140}.Release|iPhoneSimulator.Build.0 = Release|Any CPU
		{5724C8D6-D9C0-4EB5-AA8C-D748037A7140}.Release|x86.ActiveCfg = Release|Any CPU
		{5724C8D6-D9C0-4EB5-AA8C-D748037A7140}.Release|x86.Build.0 = Release|Any CPU
		{CDF973EC-E2EE-4F58-B4E7-61D8C6600476}.Debug|Any CPU.ActiveCfg = Debug|Any CPU
		{CDF973EC-E2EE-4F58-B4E7-61D8C6600476}.Debug|Any CPU.Build.0 = Debug|Any CPU
		{CDF973EC-E2EE-4F58-B4E7-61D8C6600476}.Debug|ARM.ActiveCfg = Debug|Any CPU
		{CDF973EC-E2EE-4F58-B4E7-61D8C6600476}.Debug|ARM.Build.0 = Debug|Any CPU
		{CDF973EC-E2EE-4F58-B4E7-61D8C6600476}.Debug|iPhone.ActiveCfg = Debug|Any CPU
		{CDF973EC-E2EE-4F58-B4E7-61D8C6600476}.Debug|iPhone.Build.0 = Debug|Any CPU
		{CDF973EC-E2EE-4F58-B4E7-61D8C6600476}.Debug|iPhoneSimulator.ActiveCfg = Debug|Any CPU
		{CDF973EC-E2EE-4F58-B4E7-61D8C6600476}.Debug|iPhoneSimulator.Build.0 = Debug|Any CPU
		{CDF973EC-E2EE-4F58-B4E7-61D8C6600476}.Debug|x86.ActiveCfg = Debug|Any CPU
		{CDF973EC-E2EE-4F58-B4E7-61D8C6600476}.Debug|x86.Build.0 = Debug|Any CPU
		{CDF973EC-E2EE-4F58-B4E7-61D8C6600476}.Release|Any CPU.ActiveCfg = Release|Any CPU
		{CDF973EC-E2EE-4F58-B4E7-61D8C6600476}.Release|Any CPU.Build.0 = Release|Any CPU
		{CDF973EC-E2EE-4F58-B4E7-61D8C6600476}.Release|ARM.ActiveCfg = Release|Any CPU
		{CDF973EC-E2EE-4F58-B4E7-61D8C6600476}.Release|ARM.Build.0 = Release|Any CPU
		{CDF973EC-E2EE-4F58-B4E7-61D8C6600476}.Release|iPhone.ActiveCfg = Release|Any CPU
		{CDF973EC-E2EE-4F58-B4E7-61D8C6600476}.Release|iPhone.Build.0 = Release|Any CPU
		{CDF973EC-E2EE-4F58-B4E7-61D8C6600476}.Release|iPhoneSimulator.ActiveCfg = Release|Any CPU
		{CDF973EC-E2EE-4F58-B4E7-61D8C6600476}.Release|iPhoneSimulator.Build.0 = Release|Any CPU
		{CDF973EC-E2EE-4F58-B4E7-61D8C6600476}.Release|x86.ActiveCfg = Release|Any CPU
		{CDF973EC-E2EE-4F58-B4E7-61D8C6600476}.Release|x86.Build.0 = Release|Any CPU
		{3EF6B369-E70E-49A5-9BCE-2E2236B0D60B}.Debug|Any CPU.ActiveCfg = Debug|Any CPU
		{3EF6B369-E70E-49A5-9BCE-2E2236B0D60B}.Debug|Any CPU.Build.0 = Debug|Any CPU
		{3EF6B369-E70E-49A5-9BCE-2E2236B0D60B}.Debug|ARM.ActiveCfg = Debug|Any CPU
		{3EF6B369-E70E-49A5-9BCE-2E2236B0D60B}.Debug|ARM.Build.0 = Debug|Any CPU
		{3EF6B369-E70E-49A5-9BCE-2E2236B0D60B}.Debug|iPhone.ActiveCfg = Debug|Any CPU
		{3EF6B369-E70E-49A5-9BCE-2E2236B0D60B}.Debug|iPhone.Build.0 = Debug|Any CPU
		{3EF6B369-E70E-49A5-9BCE-2E2236B0D60B}.Debug|iPhoneSimulator.ActiveCfg = Debug|Any CPU
		{3EF6B369-E70E-49A5-9BCE-2E2236B0D60B}.Debug|iPhoneSimulator.Build.0 = Debug|Any CPU
		{3EF6B369-E70E-49A5-9BCE-2E2236B0D60B}.Debug|x86.ActiveCfg = Debug|Any CPU
		{3EF6B369-E70E-49A5-9BCE-2E2236B0D60B}.Debug|x86.Build.0 = Debug|Any CPU
		{3EF6B369-E70E-49A5-9BCE-2E2236B0D60B}.Release|Any CPU.ActiveCfg = Release|Any CPU
		{3EF6B369-E70E-49A5-9BCE-2E2236B0D60B}.Release|Any CPU.Build.0 = Release|Any CPU
		{3EF6B369-E70E-49A5-9BCE-2E2236B0D60B}.Release|ARM.ActiveCfg = Release|Any CPU
		{3EF6B369-E70E-49A5-9BCE-2E2236B0D60B}.Release|ARM.Build.0 = Release|Any CPU
		{3EF6B369-E70E-49A5-9BCE-2E2236B0D60B}.Release|iPhone.ActiveCfg = Release|Any CPU
		{3EF6B369-E70E-49A5-9BCE-2E2236B0D60B}.Release|iPhone.Build.0 = Release|Any CPU
		{3EF6B369-E70E-49A5-9BCE-2E2236B0D60B}.Release|iPhoneSimulator.ActiveCfg = Release|Any CPU
		{3EF6B369-E70E-49A5-9BCE-2E2236B0D60B}.Release|iPhoneSimulator.Build.0 = Release|Any CPU
		{3EF6B369-E70E-49A5-9BCE-2E2236B0D60B}.Release|x86.ActiveCfg = Release|Any CPU
		{3EF6B369-E70E-49A5-9BCE-2E2236B0D60B}.Release|x86.Build.0 = Release|Any CPU
		{D2EA618A-DAC0-4C07-838A-4A4C06B270E7}.Debug|Any CPU.ActiveCfg = Debug|Any CPU
		{D2EA618A-DAC0-4C07-838A-4A4C06B270E7}.Debug|Any CPU.Build.0 = Debug|Any CPU
		{D2EA618A-DAC0-4C07-838A-4A4C06B270E7}.Debug|ARM.ActiveCfg = Debug|Any CPU
		{D2EA618A-DAC0-4C07-838A-4A4C06B270E7}.Debug|ARM.Build.0 = Debug|Any CPU
		{D2EA618A-DAC0-4C07-838A-4A4C06B270E7}.Debug|iPhone.ActiveCfg = Debug|Any CPU
		{D2EA618A-DAC0-4C07-838A-4A4C06B270E7}.Debug|iPhone.Build.0 = Debug|Any CPU
		{D2EA618A-DAC0-4C07-838A-4A4C06B270E7}.Debug|iPhoneSimulator.ActiveCfg = Debug|Any CPU
		{D2EA618A-DAC0-4C07-838A-4A4C06B270E7}.Debug|iPhoneSimulator.Build.0 = Debug|Any CPU
		{D2EA618A-DAC0-4C07-838A-4A4C06B270E7}.Debug|x86.ActiveCfg = Debug|Any CPU
		{D2EA618A-DAC0-4C07-838A-4A4C06B270E7}.Debug|x86.Build.0 = Debug|Any CPU
		{D2EA618A-DAC0-4C07-838A-4A4C06B270E7}.Release|Any CPU.ActiveCfg = Release|Any CPU
		{D2EA618A-DAC0-4C07-838A-4A4C06B270E7}.Release|Any CPU.Build.0 = Release|Any CPU
		{D2EA618A-DAC0-4C07-838A-4A4C06B270E7}.Release|ARM.ActiveCfg = Release|Any CPU
		{D2EA618A-DAC0-4C07-838A-4A4C06B270E7}.Release|ARM.Build.0 = Release|Any CPU
		{D2EA618A-DAC0-4C07-838A-4A4C06B270E7}.Release|iPhone.ActiveCfg = Release|Any CPU
		{D2EA618A-DAC0-4C07-838A-4A4C06B270E7}.Release|iPhone.Build.0 = Release|Any CPU
		{D2EA618A-DAC0-4C07-838A-4A4C06B270E7}.Release|iPhoneSimulator.ActiveCfg = Release|Any CPU
		{D2EA618A-DAC0-4C07-838A-4A4C06B270E7}.Release|iPhoneSimulator.Build.0 = Release|Any CPU
		{D2EA618A-DAC0-4C07-838A-4A4C06B270E7}.Release|x86.ActiveCfg = Release|Any CPU
		{D2EA618A-DAC0-4C07-838A-4A4C06B270E7}.Release|x86.Build.0 = Release|Any CPU
		{AF4F6ADB-625C-4C91-A748-494697BB0E6E}.Debug|Any CPU.ActiveCfg = Debug|Any CPU
		{AF4F6ADB-625C-4C91-A748-494697BB0E6E}.Debug|Any CPU.Build.0 = Debug|Any CPU
		{AF4F6ADB-625C-4C91-A748-494697BB0E6E}.Debug|ARM.ActiveCfg = Debug|Any CPU
		{AF4F6ADB-625C-4C91-A748-494697BB0E6E}.Debug|ARM.Build.0 = Debug|Any CPU
		{AF4F6ADB-625C-4C91-A748-494697BB0E6E}.Debug|iPhone.ActiveCfg = Debug|Any CPU
		{AF4F6ADB-625C-4C91-A748-494697BB0E6E}.Debug|iPhone.Build.0 = Debug|Any CPU
		{AF4F6ADB-625C-4C91-A748-494697BB0E6E}.Debug|iPhoneSimulator.ActiveCfg = Debug|Any CPU
		{AF4F6ADB-625C-4C91-A748-494697BB0E6E}.Debug|iPhoneSimulator.Build.0 = Debug|Any CPU
		{AF4F6ADB-625C-4C91-A748-494697BB0E6E}.Debug|x86.ActiveCfg = Debug|Any CPU
		{AF4F6ADB-625C-4C91-A748-494697BB0E6E}.Debug|x86.Build.0 = Debug|Any CPU
		{AF4F6ADB-625C-4C91-A748-494697BB0E6E}.Release|Any CPU.ActiveCfg = Release|Any CPU
		{AF4F6ADB-625C-4C91-A748-494697BB0E6E}.Release|Any CPU.Build.0 = Release|Any CPU
		{AF4F6ADB-625C-4C91-A748-494697BB0E6E}.Release|ARM.ActiveCfg = Release|Any CPU
		{AF4F6ADB-625C-4C91-A748-494697BB0E6E}.Release|ARM.Build.0 = Release|Any CPU
		{AF4F6ADB-625C-4C91-A748-494697BB0E6E}.Release|iPhone.ActiveCfg = Release|Any CPU
		{AF4F6ADB-625C-4C91-A748-494697BB0E6E}.Release|iPhone.Build.0 = Release|Any CPU
		{AF4F6ADB-625C-4C91-A748-494697BB0E6E}.Release|iPhoneSimulator.ActiveCfg = Release|Any CPU
		{AF4F6ADB-625C-4C91-A748-494697BB0E6E}.Release|iPhoneSimulator.Build.0 = Release|Any CPU
		{AF4F6ADB-625C-4C91-A748-494697BB0E6E}.Release|x86.ActiveCfg = Release|Any CPU
		{AF4F6ADB-625C-4C91-A748-494697BB0E6E}.Release|x86.Build.0 = Release|Any CPU
		{B9C5954B-93BC-4B3C-A022-67B673F4E577}.Debug|Any CPU.ActiveCfg = Debug|Any CPU
		{B9C5954B-93BC-4B3C-A022-67B673F4E577}.Debug|Any CPU.Build.0 = Debug|Any CPU
		{B9C5954B-93BC-4B3C-A022-67B673F4E577}.Debug|ARM.ActiveCfg = Debug|Any CPU
		{B9C5954B-93BC-4B3C-A022-67B673F4E577}.Debug|ARM.Build.0 = Debug|Any CPU
		{B9C5954B-93BC-4B3C-A022-67B673F4E577}.Debug|iPhone.ActiveCfg = Debug|Any CPU
		{B9C5954B-93BC-4B3C-A022-67B673F4E577}.Debug|iPhone.Build.0 = Debug|Any CPU
		{B9C5954B-93BC-4B3C-A022-67B673F4E577}.Debug|iPhoneSimulator.ActiveCfg = Debug|Any CPU
		{B9C5954B-93BC-4B3C-A022-67B673F4E577}.Debug|iPhoneSimulator.Build.0 = Debug|Any CPU
		{B9C5954B-93BC-4B3C-A022-67B673F4E577}.Debug|x86.ActiveCfg = Debug|Any CPU
		{B9C5954B-93BC-4B3C-A022-67B673F4E577}.Debug|x86.Build.0 = Debug|Any CPU
		{B9C5954B-93BC-4B3C-A022-67B673F4E577}.Release|Any CPU.ActiveCfg = Release|Any CPU
		{B9C5954B-93BC-4B3C-A022-67B673F4E577}.Release|Any CPU.Build.0 = Release|Any CPU
		{B9C5954B-93BC-4B3C-A022-67B673F4E577}.Release|ARM.ActiveCfg = Release|Any CPU
		{B9C5954B-93BC-4B3C-A022-67B673F4E577}.Release|ARM.Build.0 = Release|Any CPU
		{B9C5954B-93BC-4B3C-A022-67B673F4E577}.Release|iPhone.ActiveCfg = Release|Any CPU
		{B9C5954B-93BC-4B3C-A022-67B673F4E577}.Release|iPhone.Build.0 = Release|Any CPU
		{B9C5954B-93BC-4B3C-A022-67B673F4E577}.Release|iPhoneSimulator.ActiveCfg = Release|Any CPU
		{B9C5954B-93BC-4B3C-A022-67B673F4E577}.Release|iPhoneSimulator.Build.0 = Release|Any CPU
		{B9C5954B-93BC-4B3C-A022-67B673F4E577}.Release|x86.ActiveCfg = Release|Any CPU
		{B9C5954B-93BC-4B3C-A022-67B673F4E577}.Release|x86.Build.0 = Release|Any CPU
		{32736ABE-6F1A-42B1-B90C-C2C94AFE204C}.Debug|Any CPU.ActiveCfg = Debug|Any CPU
		{32736ABE-6F1A-42B1-B90C-C2C94AFE204C}.Debug|Any CPU.Build.0 = Debug|Any CPU
		{32736ABE-6F1A-42B1-B90C-C2C94AFE204C}.Debug|ARM.ActiveCfg = Debug|Any CPU
		{32736ABE-6F1A-42B1-B90C-C2C94AFE204C}.Debug|ARM.Build.0 = Debug|Any CPU
		{32736ABE-6F1A-42B1-B90C-C2C94AFE204C}.Debug|iPhone.ActiveCfg = Debug|Any CPU
		{32736ABE-6F1A-42B1-B90C-C2C94AFE204C}.Debug|iPhone.Build.0 = Debug|Any CPU
		{32736ABE-6F1A-42B1-B90C-C2C94AFE204C}.Debug|iPhoneSimulator.ActiveCfg = Debug|Any CPU
		{32736ABE-6F1A-42B1-B90C-C2C94AFE204C}.Debug|iPhoneSimulator.Build.0 = Debug|Any CPU
		{32736ABE-6F1A-42B1-B90C-C2C94AFE204C}.Debug|x86.ActiveCfg = Debug|Any CPU
		{32736ABE-6F1A-42B1-B90C-C2C94AFE204C}.Debug|x86.Build.0 = Debug|Any CPU
		{32736ABE-6F1A-42B1-B90C-C2C94AFE204C}.Release|Any CPU.ActiveCfg = Release|Any CPU
		{32736ABE-6F1A-42B1-B90C-C2C94AFE204C}.Release|Any CPU.Build.0 = Release|Any CPU
		{32736ABE-6F1A-42B1-B90C-C2C94AFE204C}.Release|ARM.ActiveCfg = Release|Any CPU
		{32736ABE-6F1A-42B1-B90C-C2C94AFE204C}.Release|ARM.Build.0 = Release|Any CPU
		{32736ABE-6F1A-42B1-B90C-C2C94AFE204C}.Release|iPhone.ActiveCfg = Release|Any CPU
		{32736ABE-6F1A-42B1-B90C-C2C94AFE204C}.Release|iPhone.Build.0 = Release|Any CPU
		{32736ABE-6F1A-42B1-B90C-C2C94AFE204C}.Release|iPhoneSimulator.ActiveCfg = Release|Any CPU
		{32736ABE-6F1A-42B1-B90C-C2C94AFE204C}.Release|iPhoneSimulator.Build.0 = Release|Any CPU
		{32736ABE-6F1A-42B1-B90C-C2C94AFE204C}.Release|x86.ActiveCfg = Release|Any CPU
		{32736ABE-6F1A-42B1-B90C-C2C94AFE204C}.Release|x86.Build.0 = Release|Any CPU
		{C913C837-F669-4C7C-89F8-E49FF7D00F1F}.Debug|Any CPU.ActiveCfg = Debug|Any CPU
		{C913C837-F669-4C7C-89F8-E49FF7D00F1F}.Debug|Any CPU.Build.0 = Debug|Any CPU
		{C913C837-F669-4C7C-89F8-E49FF7D00F1F}.Debug|ARM.ActiveCfg = Debug|Any CPU
		{C913C837-F669-4C7C-89F8-E49FF7D00F1F}.Debug|ARM.Build.0 = Debug|Any CPU
		{C913C837-F669-4C7C-89F8-E49FF7D00F1F}.Debug|iPhone.ActiveCfg = Debug|Any CPU
		{C913C837-F669-4C7C-89F8-E49FF7D00F1F}.Debug|iPhone.Build.0 = Debug|Any CPU
		{C913C837-F669-4C7C-89F8-E49FF7D00F1F}.Debug|iPhoneSimulator.ActiveCfg = Debug|Any CPU
		{C913C837-F669-4C7C-89F8-E49FF7D00F1F}.Debug|iPhoneSimulator.Build.0 = Debug|Any CPU
		{C913C837-F669-4C7C-89F8-E49FF7D00F1F}.Debug|x86.ActiveCfg = Debug|Any CPU
		{C913C837-F669-4C7C-89F8-E49FF7D00F1F}.Debug|x86.Build.0 = Debug|Any CPU
		{C913C837-F669-4C7C-89F8-E49FF7D00F1F}.Release|Any CPU.ActiveCfg = Release|Any CPU
		{C913C837-F669-4C7C-89F8-E49FF7D00F1F}.Release|Any CPU.Build.0 = Release|Any CPU
		{C913C837-F669-4C7C-89F8-E49FF7D00F1F}.Release|ARM.ActiveCfg = Release|Any CPU
		{C913C837-F669-4C7C-89F8-E49FF7D00F1F}.Release|ARM.Build.0 = Release|Any CPU
		{C913C837-F669-4C7C-89F8-E49FF7D00F1F}.Release|iPhone.ActiveCfg = Release|Any CPU
		{C913C837-F669-4C7C-89F8-E49FF7D00F1F}.Release|iPhone.Build.0 = Release|Any CPU
		{C913C837-F669-4C7C-89F8-E49FF7D00F1F}.Release|iPhoneSimulator.ActiveCfg = Release|Any CPU
		{C913C837-F669-4C7C-89F8-E49FF7D00F1F}.Release|iPhoneSimulator.Build.0 = Release|Any CPU
		{C913C837-F669-4C7C-89F8-E49FF7D00F1F}.Release|x86.ActiveCfg = Release|Any CPU
		{C913C837-F669-4C7C-89F8-E49FF7D00F1F}.Release|x86.Build.0 = Release|Any CPU
		{96302454-8D35-4B8F-A127-92BEAAF2576B}.Debug|Any CPU.ActiveCfg = Debug|Any CPU
		{96302454-8D35-4B8F-A127-92BEAAF2576B}.Debug|Any CPU.Build.0 = Debug|Any CPU
		{96302454-8D35-4B8F-A127-92BEAAF2576B}.Debug|ARM.ActiveCfg = Debug|Any CPU
		{96302454-8D35-4B8F-A127-92BEAAF2576B}.Debug|ARM.Build.0 = Debug|Any CPU
		{96302454-8D35-4B8F-A127-92BEAAF2576B}.Debug|iPhone.ActiveCfg = Debug|Any CPU
		{96302454-8D35-4B8F-A127-92BEAAF2576B}.Debug|iPhone.Build.0 = Debug|Any CPU
		{96302454-8D35-4B8F-A127-92BEAAF2576B}.Debug|iPhoneSimulator.ActiveCfg = Debug|Any CPU
		{96302454-8D35-4B8F-A127-92BEAAF2576B}.Debug|iPhoneSimulator.Build.0 = Debug|Any CPU
		{96302454-8D35-4B8F-A127-92BEAAF2576B}.Debug|x86.ActiveCfg = Debug|Any CPU
		{96302454-8D35-4B8F-A127-92BEAAF2576B}.Debug|x86.Build.0 = Debug|Any CPU
		{96302454-8D35-4B8F-A127-92BEAAF2576B}.Release|Any CPU.ActiveCfg = Release|Any CPU
		{96302454-8D35-4B8F-A127-92BEAAF2576B}.Release|Any CPU.Build.0 = Release|Any CPU
		{96302454-8D35-4B8F-A127-92BEAAF2576B}.Release|ARM.ActiveCfg = Release|Any CPU
		{96302454-8D35-4B8F-A127-92BEAAF2576B}.Release|ARM.Build.0 = Release|Any CPU
		{96302454-8D35-4B8F-A127-92BEAAF2576B}.Release|iPhone.ActiveCfg = Release|Any CPU
		{96302454-8D35-4B8F-A127-92BEAAF2576B}.Release|iPhone.Build.0 = Release|Any CPU
		{96302454-8D35-4B8F-A127-92BEAAF2576B}.Release|iPhoneSimulator.ActiveCfg = Release|Any CPU
		{96302454-8D35-4B8F-A127-92BEAAF2576B}.Release|iPhoneSimulator.Build.0 = Release|Any CPU
		{96302454-8D35-4B8F-A127-92BEAAF2576B}.Release|x86.ActiveCfg = Release|Any CPU
		{96302454-8D35-4B8F-A127-92BEAAF2576B}.Release|x86.Build.0 = Release|Any CPU
		{2CD54B2C-53A3-4C16-9F5C-89DDE8A0D8A2}.Debug|Any CPU.ActiveCfg = Debug|Any CPU
		{2CD54B2C-53A3-4C16-9F5C-89DDE8A0D8A2}.Debug|Any CPU.Build.0 = Debug|Any CPU
		{2CD54B2C-53A3-4C16-9F5C-89DDE8A0D8A2}.Debug|ARM.ActiveCfg = Debug|Any CPU
		{2CD54B2C-53A3-4C16-9F5C-89DDE8A0D8A2}.Debug|ARM.Build.0 = Debug|Any CPU
		{2CD54B2C-53A3-4C16-9F5C-89DDE8A0D8A2}.Debug|iPhone.ActiveCfg = Debug|Any CPU
		{2CD54B2C-53A3-4C16-9F5C-89DDE8A0D8A2}.Debug|iPhone.Build.0 = Debug|Any CPU
		{2CD54B2C-53A3-4C16-9F5C-89DDE8A0D8A2}.Debug|iPhoneSimulator.ActiveCfg = Debug|Any CPU
		{2CD54B2C-53A3-4C16-9F5C-89DDE8A0D8A2}.Debug|iPhoneSimulator.Build.0 = Debug|Any CPU
		{2CD54B2C-53A3-4C16-9F5C-89DDE8A0D8A2}.Debug|x86.ActiveCfg = Debug|Any CPU
		{2CD54B2C-53A3-4C16-9F5C-89DDE8A0D8A2}.Debug|x86.Build.0 = Debug|Any CPU
		{2CD54B2C-53A3-4C16-9F5C-89DDE8A0D8A2}.Release|Any CPU.ActiveCfg = Release|Any CPU
		{2CD54B2C-53A3-4C16-9F5C-89DDE8A0D8A2}.Release|Any CPU.Build.0 = Release|Any CPU
		{2CD54B2C-53A3-4C16-9F5C-89DDE8A0D8A2}.Release|ARM.ActiveCfg = Release|Any CPU
		{2CD54B2C-53A3-4C16-9F5C-89DDE8A0D8A2}.Release|ARM.Build.0 = Release|Any CPU
		{2CD54B2C-53A3-4C16-9F5C-89DDE8A0D8A2}.Release|iPhone.ActiveCfg = Release|Any CPU
		{2CD54B2C-53A3-4C16-9F5C-89DDE8A0D8A2}.Release|iPhone.Build.0 = Release|Any CPU
		{2CD54B2C-53A3-4C16-9F5C-89DDE8A0D8A2}.Release|iPhoneSimulator.ActiveCfg = Release|Any CPU
		{2CD54B2C-53A3-4C16-9F5C-89DDE8A0D8A2}.Release|iPhoneSimulator.Build.0 = Release|Any CPU
		{2CD54B2C-53A3-4C16-9F5C-89DDE8A0D8A2}.Release|x86.ActiveCfg = Release|Any CPU
		{2CD54B2C-53A3-4C16-9F5C-89DDE8A0D8A2}.Release|x86.Build.0 = Release|Any CPU
		{6A6E9E8E-8DB3-4F6A-9AF1-E9FA0EDB4885}.Debug|Any CPU.ActiveCfg = Debug|Any CPU
		{6A6E9E8E-8DB3-4F6A-9AF1-E9FA0EDB4885}.Debug|Any CPU.Build.0 = Debug|Any CPU
		{6A6E9E8E-8DB3-4F6A-9AF1-E9FA0EDB4885}.Debug|ARM.ActiveCfg = Debug|Any CPU
		{6A6E9E8E-8DB3-4F6A-9AF1-E9FA0EDB4885}.Debug|ARM.Build.0 = Debug|Any CPU
		{6A6E9E8E-8DB3-4F6A-9AF1-E9FA0EDB4885}.Debug|iPhone.ActiveCfg = Debug|Any CPU
		{6A6E9E8E-8DB3-4F6A-9AF1-E9FA0EDB4885}.Debug|iPhone.Build.0 = Debug|Any CPU
		{6A6E9E8E-8DB3-4F6A-9AF1-E9FA0EDB4885}.Debug|iPhoneSimulator.ActiveCfg = Debug|Any CPU
		{6A6E9E8E-8DB3-4F6A-9AF1-E9FA0EDB4885}.Debug|iPhoneSimulator.Build.0 = Debug|Any CPU
		{6A6E9E8E-8DB3-4F6A-9AF1-E9FA0EDB4885}.Debug|x86.ActiveCfg = Debug|Any CPU
		{6A6E9E8E-8DB3-4F6A-9AF1-E9FA0EDB4885}.Debug|x86.Build.0 = Debug|Any CPU
		{6A6E9E8E-8DB3-4F6A-9AF1-E9FA0EDB4885}.Release|Any CPU.ActiveCfg = Release|Any CPU
		{6A6E9E8E-8DB3-4F6A-9AF1-E9FA0EDB4885}.Release|Any CPU.Build.0 = Release|Any CPU
		{6A6E9E8E-8DB3-4F6A-9AF1-E9FA0EDB4885}.Release|ARM.ActiveCfg = Release|Any CPU
		{6A6E9E8E-8DB3-4F6A-9AF1-E9FA0EDB4885}.Release|ARM.Build.0 = Release|Any CPU
		{6A6E9E8E-8DB3-4F6A-9AF1-E9FA0EDB4885}.Release|iPhone.ActiveCfg = Release|Any CPU
		{6A6E9E8E-8DB3-4F6A-9AF1-E9FA0EDB4885}.Release|iPhone.Build.0 = Release|Any CPU
		{6A6E9E8E-8DB3-4F6A-9AF1-E9FA0EDB4885}.Release|iPhoneSimulator.ActiveCfg = Release|Any CPU
		{6A6E9E8E-8DB3-4F6A-9AF1-E9FA0EDB4885}.Release|iPhoneSimulator.Build.0 = Release|Any CPU
		{6A6E9E8E-8DB3-4F6A-9AF1-E9FA0EDB4885}.Release|x86.ActiveCfg = Release|Any CPU
		{6A6E9E8E-8DB3-4F6A-9AF1-E9FA0EDB4885}.Release|x86.Build.0 = Release|Any CPU
	EndGlobalSection
	GlobalSection(SolutionProperties) = preSolution
		HideSolutionNode = FALSE
	EndGlobalSection
	GlobalSection(ExtensibilityGlobals) = postSolution
		SolutionGuid = {0A589F9C-9F05-4D96-A48E-5E31D1A4137D}
	EndGlobalSection
	GlobalSection(Performance) = preSolution
		HasPerformanceSessions = true
	EndGlobalSection
EndGlobal
